<Solution>
  <Folder Name="/Core/">
    <Project Path="HackerNews.ServiceDefaults/HackerNews.ServiceDefaults.csproj" />
  </Folder>
  <Folder Name="/Hosts/">
    <Project Path="HackerNews.API/HackerNews.API.csproj" />
    <Project Path="HackerNews.AppHost/HackerNews.AppHost.csproj" Id="9e00b18a-fccf-4979-a143-8f9c7b16021b" />
  </Folder>
  <Folder Name="/Tests/" />
</Solution>
